
Microsoft Visual Studio Solution File, Format Version 12.00
# Visual Studio Version 16
VisualStudioVersion = 16.0.30711.63
MinimumVisualStudioVersion = 10.0.40219.1
Project("{FAE04EC0-301F-11D3-BF4B-00C04F79EFBC}") = "ntesp", "ntesp\ntesp.csproj", "{7F1E8FE3-ADD5-41F4-B26B-4858553AEB14}"
EndProject
Project("{2150E333-8FDC-42A3-9474-1A3956D46DE8}") = "Solution Items", "Solution Items", "{40AF9E31-81D9-4382-930B-2D7D0106ECD1}"
	ProjectSection(SolutionItems) = preProject
		.editorconfig = .editorconfig
	EndProjectSection
EndProject
Project("{FAE04EC0-301F-11D3-BF4B-00C04F79EFBC}") = "ntesp.Resource", "ntesp.Resource\ntesp.Resource.csproj", "{9EF5ACE5-062F-4ED4-B3B5-3BB7A38ACCE1}"
EndProject
Global
	GlobalSection(SolutionConfigurationPlatforms) = preSolution
		Debug|Any CPU = Debug|Any CPU
		Release|Any CPU = Release|Any CPU
	EndGlobalSection
	GlobalSection(ProjectConfigurationPlatforms) = postSolution
		{7F1E8FE3-ADD5-41F4-B26B-4858553AEB14}.Debug|Any CPU.ActiveCfg = Debug|Any CPU
		{7F1E8FE3-ADD5-41F4-B26B-4858553AEB14}.Debug|Any CPU.Build.0 = Debug|Any CPU
		{7F1E8FE3-ADD5-41F4-B26B-4858553AEB14}.Release|Any CPU.ActiveCfg = Release|Any CPU
		{7F1E8FE3-ADD5-41F4-B26B-4858553AEB14}.Release|Any CPU.Build.0 = Release|Any CPU
		{9EF5ACE5-062F-4ED4-B3B5-3BB7A38ACCE1}.Debug|Any CPU.ActiveCfg = Debug|Any CPU
		{9EF5ACE5-062F-4ED4-B3B5-3BB7A38ACCE1}.Debug|Any CPU.Build.0 = Debug|Any CPU
		{9EF5ACE5-062F-4ED4-B3B5-3BB7A38ACCE1}.Release|Any CPU.ActiveCfg = Release|Any CPU
		{9EF5ACE5-062F-4ED4-B3B5-3BB7A38ACCE1}.Release|Any CPU.Build.0 = Release|Any CPU
	EndGlobalSection
	GlobalSection(SolutionProperties) = preSolution
		HideSolutionNode = FALSE
	EndGlobalSection
	GlobalSection(ExtensibilityGlobals) = postSolution
		SolutionGuid = {8B2F4A5D-B4CA-42CF-916A-6C52C5B22CCE}
	EndGlobalSection
EndGlobal
